
Microsoft Visual Studio Solution File, Format Version 12.00
# Visual Studio Version 17
VisualStudioVersion = 17.14.36121.58
MinimumVisualStudioVersion = 10.0.40219.1
Project("{2150E333-8FDC-42A3-9474-1A3956D46DE8}") = "Libs", "Libs", "{02EA681E-C7D8-13C7-8484-4AC65E1B71E8}"
EndProject
Project("{2150E333-8FDC-42A3-9474-1A3956D46DE8}") = "Apps", "Apps", "{415A4D90-9C36-48FA-9566-303D23AD9EC7}"
EndProject
Project("{2150E333-8FDC-42A3-9474-1A3956D46DE8}") = "Solution Items", "Solution Items", "{8EC462FD-D22E-90A8-E5CE-7E832BA40C5D}"
	ProjectSection(SolutionItems) = preProject
		Directory.Packages.props = Directory.Packages.props
		README.md = README.md
	EndProjectSection
EndProject
Project("{FAE04EC0-301F-11D3-BF4B-00C04F79EFBC}") = "ExpressionHelpers", "Libs\ExpressionHelpers\ExpressionHelpers.csproj", "{59D03126-9AD3-41B5-9379-4434BA0BF732}"
EndProject
Project("{FAE04EC0-301F-11D3-BF4B-00C04F79EFBC}") = "StringHelpers", "Libs\StringHelpers\StringHelpers.csproj", "{E79B219F-FEC1-45C2-A4BA-EAB84FB91CDA}"
EndProject
Project("{2150E333-8FDC-42A3-9474-1A3956D46DE8}") = "StringHelpers", "StringHelpers", "{0643E435-7542-408B-BAB1-200CC46D0B08}"
EndProject
Project("{FAE04EC0-301F-11D3-BF4B-00C04F79EFBC}") = "StringHelpers.Tests", "Libs\StringHelpers.Tests\StringHelpers.Tests.csproj", "{8CB34E19-37DC-4467-B162-D4F0646446C4}"
EndProject
Project("{2150E333-8FDC-42A3-9474-1A3956D46DE8}") = "ExpressionHelpers", "ExpressionHelpers", "{87F0AADA-E748-4045-B26F-E7710C0A1C22}"
EndProject
Project("{FAE04EC0-301F-11D3-BF4B-00C04F79EFBC}") = "ExpressionHelpers.Tests", "Libs\ExpressionHelpers.Tests\ExpressionHelpers.Tests.csproj", "{0A551879-9C96-4E97-B191-460E65F53D5B}"
EndProject
Project("{2150E333-8FDC-42A3-9474-1A3956D46DE8}") = "CollectionHelpers", "CollectionHelpers", "{0ACF87BE-17D1-4C94-85DF-BA14DEEDD604}"
EndProject
Project("{FAE04EC0-301F-11D3-BF4B-00C04F79EFBC}") = "CollectionHelpers", "Libs\CollectionHelpers\CollectionHelpers.csproj", "{CC60F69D-618A-414A-A548-A6E5D631C789}"
EndProject
Project("{FAE04EC0-301F-11D3-BF4B-00C04F79EFBC}") = "CollectionHelpers.Tests", "Libs\CollectionHelpers.Tests\CollectionHelpers.Tests.csproj", "{1607FD44-426B-4EC2-A61E-EB0B35E72B6D}"
EndProject
Project("{2150E333-8FDC-42A3-9474-1A3956D46DE8}") = "MyResults", "MyResults", "{792F8881-F811-4B14-AD79-398AD6BF2CAE}"
EndProject
Project("{FAE04EC0-301F-11D3-BF4B-00C04F79EFBC}") = "MyResults", "Libs\MyResults\MyResults.csproj", "{4C60D73D-4494-46CE-B835-55B4B6F3B013}"
EndProject
Project("{FAE04EC0-301F-11D3-BF4B-00C04F79EFBC}") = "MyResults.Tests", "Libs\MyResults.Tests\MyResults.Tests.csproj", "{C0E9CB5F-127F-47A4-A69D-7514E4C46064}"
EndProject
Project("{2150E333-8FDC-42A3-9474-1A3956D46DE8}") = "ExceptionHelpers", "ExceptionHelpers", "{AE5C585C-2544-4368-A4D0-FBE41844C5CE}"
EndProject
Project("{FAE04EC0-301F-11D3-BF4B-00C04F79EFBC}") = "ExceptionHelpers", "Libs\ExceptionHelpers\ExceptionHelpers.csproj", "{C5184C78-BC0D-49AF-82BF-7105C18B3935}"
EndProject
Project("{FAE04EC0-301F-11D3-BF4B-00C04F79EFBC}") = "ExceptionHelpers.Tests", "Libs\ExceptionHelpers.Tests\ExceptionHelpers.Tests.csproj", "{FB29F0F2-3265-639E-B9FD-EFD046BA41B8}"
EndProject
Project("{2150E333-8FDC-42A3-9474-1A3956D46DE8}") = "Pagination", "Pagination", "{719F36A1-B7E1-4703-814E-DC2141874F7E}"
EndProject
Project("{FAE04EC0-301F-11D3-BF4B-00C04F79EFBC}") = "Pagination", "Libs\Pagination\Pagination.csproj", "{C14751DC-92E0-40C1-8F31-D7253D8EA11A}"
EndProject
Project("{FAE04EC0-301F-11D3-BF4B-00C04F79EFBC}") = "Pagination.Tests", "Libs\Pagination.Tests\Pagination.Tests.csproj", "{320D813E-CA8B-429E-B776-9E3407AFECD7}"
EndProject
Project("{2150E333-8FDC-42A3-9474-1A3956D46DE8}") = "Validation", "Validation", "{27E74664-9E91-45DE-8A45-A96B16EC6717}"
EndProject
Project("{FAE04EC0-301F-11D3-BF4B-00C04F79EFBC}") = "Validation", "Libs\Validation\Validation.csproj", "{5AD9B4D9-602A-0953-8F48-6584B59DD1E0}"
EndProject
Project("{FAE04EC0-301F-11D3-BF4B-00C04F79EFBC}") = "Validation.Tests", "Libs\Validation.Tests\Validation.Tests.csproj", "{E20FCC1B-0363-4452-B963-45C5A9BA95F0}"
EndProject
Project("{2150E333-8FDC-42A3-9474-1A3956D46DE8}") = "ClArch.ValueObjects", "ClArch.ValueObjects", "{C9910B25-84F6-4D62-8025-FD4594364802}"
EndProject
Project("{FAE04EC0-301F-11D3-BF4B-00C04F79EFBC}") = "ClArch.ValueObjects", "Libs\ClArch.ValueObjects\ClArch.ValueObjects.csproj", "{8841C9E7-94B6-CEBF-26C4-3B900F7F6386}"
EndProject
Project("{FAE04EC0-301F-11D3-BF4B-00C04F79EFBC}") = "ClArch.ValueObjects.Tests", "Libs\ClArch.ValueObjects.Tests\ClArch.ValueObjects.Tests.csproj", "{03F75439-FF7F-4329-94E4-C4B2B3411CCA}"
EndProject
Project("{2150E333-8FDC-42A3-9474-1A3956D46DE8}") = "ClArch.SimpleSpecification", "ClArch.SimpleSpecification", "{22F3616D-B340-429A-BCE7-C11FA9B01E62}"
EndProject
Project("{FAE04EC0-301F-11D3-BF4B-00C04F79EFBC}") = "ClArch.SimpleSpecification", "Libs\ClArch.SimpleSpecification\ClArch.SimpleSpecification.csproj", "{F11FBC63-39E1-4460-B249-3B38B59D5758}"
EndProject
Project("{FAE04EC0-301F-11D3-BF4B-00C04F79EFBC}") = "ClArch.SimpleSpecification.Tests", "Libs\ClArch.SimpleSpecification.Tests\ClArch.SimpleSpecification.Tests.csproj", "{4C67E19C-DF16-452F-A2F5-E71E3F0A0889}"
EndProject
Project("{2150E333-8FDC-42A3-9474-1A3956D46DE8}") = "ConsoleHelpers", "ConsoleHelpers", "{A5AF93B2-01EF-45F0-971E-15505CF86B13}"
EndProject
Project("{FAE04EC0-301F-11D3-BF4B-00C04F79EFBC}") = "ConsoleHelpers", "Libs\ConsoleHelpers\ConsoleHelpers.csproj", "{D175AC30-A1EE-4D92-80D9-A34E59674581}"
EndProject
Project("{2150E333-8FDC-42A3-9474-1A3956D46DE8}") = "ContollerHelpers", "ContollerHelpers", "{6333F116-9AFA-4DE1-830B-3CA863C8F8B0}"
EndProject
Project("{FAE04EC0-301F-11D3-BF4B-00C04F79EFBC}") = "ControllerHelpers", "Libs\ControllerHelpers\ContollerHelpers\ControllerHelpers.csproj", "{A22DDB49-0C6A-E131-3AFB-9131A09DF35B}"
EndProject
Project("{2150E333-8FDC-42A3-9474-1A3956D46DE8}") = "LoggingHelpers", "LoggingHelpers", "{773940C9-7B24-40A9-81DA-4AEDD4B902D9}"
EndProject
Project("{2150E333-8FDC-42A3-9474-1A3956D46DE8}") = "TestingHelpers", "TestingHelpers", "{813E1BC5-1CC9-4FA9-9BC0-D0E08985FF5F}"
EndProject
Project("{FAE04EC0-301F-11D3-BF4B-00C04F79EFBC}") = "TestingHelpers", "Libs\TestingHelpers\TestingHelpers\TestingHelpers.csproj", "{89EC5635-9FAD-062E-A83F-E47C0A9305AE}"
EndProject
Project("{FAE04EC0-301F-11D3-BF4B-00C04F79EFBC}") = "MyIdDemo", "Apps\MyIdDemo\MyIdDemo.csproj", "{8C812DAC-745C-42EF-AADD-77A11D7E966A}"
EndProject
Project("{2150E333-8FDC-42A3-9474-1A3956D46DE8}") = "Logging", "Logging", "{4C9370F2-331D-42C4-B576-731AB2BF2BA3}"
EndProject
Project("{2150E333-8FDC-42A3-9474-1A3956D46DE8}") = "LogToFile", "LogToFile", "{77C5BFE0-028E-4888-AD51-03538EC56F32}"
EndProject
Project("{FAE04EC0-301F-11D3-BF4B-00C04F79EFBC}") = "LogToFile", "Libs\Logging\LogToFile\LogToFile\LogToFile.csproj", "{CAAABE30-A340-424B-8DDF-C6068DCC4B1C}"
EndProject
Project("{FAE04EC0-301F-11D3-BF4B-00C04F79EFBC}") = "LoggingHelpers", "Libs\Logging\LoggingHelpers\LoggingHelpers\LoggingHelpers.csproj", "{7F732512-352E-6F16-2B8E-861DC4C39249}"
EndProject
Project("{2150E333-8FDC-42A3-9474-1A3956D46DE8}") = "Identity", "Identity", "{243C9E4C-FCA9-4041-A578-F957DB5C0AC0}"
	ProjectSection(SolutionItems) = preProject
		Identity\IdToDo.txt = Identity\IdToDo.txt
		Identity\README.md = Identity\README.md
		Identity\TeamManagerServiceRefactoring.md = Identity\TeamManagerServiceRefactoring.md
	EndProjectSection
EndProject
Project("{2150E333-8FDC-42A3-9474-1A3956D46DE8}") = "API", "API", "{EE548A4D-F37B-4AED-B2E6-765AD4474E4F}"
EndProject
Project("{2150E333-8FDC-42A3-9474-1A3956D46DE8}") = "AddOns", "AddOns", "{9E557BA1-3EB6-4A25-BE8E-7693A8E45E69}"
EndProject
Project("{FAE04EC0-301F-11D3-BF4B-00C04F79EFBC}") = "ID.API", "Identity\API\ID.API\ID.API.csproj", "{26E71CD1-CDCB-9FB4-F50E-B5E8ED2EFAC7}"
EndProject
Project("{2150E333-8FDC-42A3-9474-1A3956D46DE8}") = "Core", "Core", "{EE7256FA-CACD-42AC-901B-D7CD4483DD1F}"
EndProject
Project("{2150E333-8FDC-42A3-9474-1A3956D46DE8}") = "Emails", "Emails", "{FFCDD039-1990-4E35-855E-2D0F82E06536}"
EndProject
Project("{2150E333-8FDC-42A3-9474-1A3956D46DE8}") = "Msgs", "Msgs", "{B55919A6-F020-44F6-BCBD-A34B059650ED}"
EndProject
Project("{2150E333-8FDC-42A3-9474-1A3956D46DE8}") = "OAuth", "OAuth", "{7E05A465-77A0-479D-B4C7-F0BAC4FBEB91}"
EndProject
Project("{2150E333-8FDC-42A3-9474-1A3956D46DE8}") = "Extras", "Extras", "{455E9785-B633-464E-93A1-6789CCB005A4}"
EndProject
Project("{2150E333-8FDC-42A3-9474-1A3956D46DE8}") = "JwtKeyBuilder", "JwtKeyBuilder", "{87A05570-9BD4-4A6D-BA4C-1CCE9EF91F27}"
EndProject
Project("{2150E333-8FDC-42A3-9474-1A3956D46DE8}") = "Infrastructure", "Infrastructure", "{726CB091-4795-49ED-8D30-5A3FCADE5F61}"
EndProject
Project("{2150E333-8FDC-42A3-9474-1A3956D46DE8}") = "Tests", "Tests", "{5EFB6D7C-41DD-4C63-B618-9512E0A852BA}"
EndProject
Project("{FAE04EC0-301F-11D3-BF4B-00C04F79EFBC}") = "ID.GlobalSettings", "Identity\Core\ID.GlobalSettings\ID.GlobalSettings.csproj", "{6106F8ED-5A4C-EE51-716F-AC1CED32DE15}"
EndProject
Project("{FAE04EC0-301F-11D3-BF4B-00C04F79EFBC}") = "ID.Application", "Identity\Core\ID.Application\ID.Application.csproj", "{9EAFF5B2-2EE0-473E-F942-C862DBB07553}"
EndProject
Project("{FAE04EC0-301F-11D3-BF4B-00C04F79EFBC}") = "ID.Domain", "Identity\Core\ID.Domain\ID.Domain.csproj", "{DBF039B2-1370-64F9-5EDB-128DACE31889}"
EndProject
Project("{FAE04EC0-301F-11D3-BF4B-00C04F79EFBC}") = "ID.IntegrationEvents", "Identity\Core\ID.IntegrationEvents\ID.IntegrationEvents.csproj", "{AF27E047-2094-74E7-7B6F-56024AD0AB6C}"
EndProject
Project("{FAE04EC0-301F-11D3-BF4B-00C04F79EFBC}") = "ID.Application.Customers", "Identity\Core\ID.Application.Customers\ID.Application.Customers.csproj", "{7417F56A-AE05-52FE-1039-128918C33D90}"
EndProject
Project("{FAE04EC0-301F-11D3-BF4B-00C04F79EFBC}") = "ID.Infrastructure", "Identity\Infrastructure\ID.Infrastructure\ID.Infrastructure.csproj", "{5B147F0F-0F6C-B104-C4C6-80210CB8EF28}"
EndProject
Project("{FAE04EC0-301F-11D3-BF4B-00C04F79EFBC}") = "ID.Presentation", "Identity\Infrastructure\ID.Presentation\ID.Presentation.csproj", "{9F8736AD-2AC1-9C30-5933-103663F8561A}"
EndProject
Project("{FAE04EC0-301F-11D3-BF4B-00C04F79EFBC}") = "ID.Jwt.KeyBuilder", "Identity\Extras\JwtKeyBuilder\ID.Jwt.Builder.KeyBuilder\ID.Jwt.KeyBuilder.csproj", "{2627CFC3-2397-AC14-56CD-98F9B0CD4388}"
EndProject
Project("{FAE04EC0-301F-11D3-BF4B-00C04F79EFBC}") = "ID.Jwt.KeyValidator.Console", "Identity\Extras\JwtKeyBuilder\ID.Jwt.KeyValidator.Console\ID.Jwt.KeyValidator.Console.csproj", "{5DA8A726-517E-8D66-561F-6B77B2B6410E}"
EndProject
Project("{FAE04EC0-301F-11D3-BF4B-00C04F79EFBC}") = "ID.Jwt.Builder.Console", "Identity\Extras\JwtKeyBuilder\ID.Jwt.Builder.Console\ID.Jwt.Builder.Console.csproj", "{D57C9D13-8040-1525-1D9A-87DB9FE4E47B}"
EndProject
Project("{FAE04EC0-301F-11D3-BF4B-00C04F79EFBC}") = "ID.PhoneConfirmation", "Identity\AddOns\ID.PhoneConfirmation\ID.PhoneConfirmation.csproj", "{764677E1-6FD1-AC7E-1917-763BA5ADF1A0}"
EndProject
Project("{FAE04EC0-301F-11D3-BF4B-00C04F79EFBC}") = "ID.Email.Base", "Identity\AddOns\Emails\ID.Email.Base\ID.Email.Base.csproj", "{5CF8837F-96E0-2B43-C0CB-0981EEA84846}"
EndProject
Project("{FAE04EC0-301F-11D3-BF4B-00C04F79EFBC}") = "ID.Email.SG", "Identity\AddOns\Emails\ID.Email.SG\ID.Email.SG.csproj", "{ACD8215D-41D2-770F-6534-C4460734A9AE}"
EndProject
Project("{FAE04EC0-301F-11D3-BF4B-00C04F79EFBC}") = "ID.Email.SMTP", "Identity\AddOns\Emails\ID.Email.SMTP\ID.Email.SMTP.csproj", "{A3EEE1CD-7BE5-39B4-ECDD-6EE71FF6339E}"
EndProject
Project("{FAE04EC0-301F-11D3-BF4B-00C04F79EFBC}") = "ID.Msg.Twilio", "Identity\AddOns\Msgs\ID.Msg.Twilio\ID.Msg.Twilio.csproj", "{9127CB49-027A-B170-D01E-93F65E097413}"
EndProject
Project("{FAE04EC0-301F-11D3-BF4B-00C04F79EFBC}") = "ID.OAuth.Google", "Identity\AddOns\OAuth\ID.OAuth.Google\ID.OAuth.Google.csproj", "{2685E75E-6526-976E-3164-04303ED08A19}"
EndProject
Project("{FAE04EC0-301F-11D3-BF4B-00C04F79EFBC}") = "ID.API.Tests", "Identity\Tests\ID.API.Tests\ID.API.Tests.csproj", "{F159AB2F-735B-6582-4351-8C6C4D289685}"
EndProject
Project("{FAE04EC0-301F-11D3-BF4B-00C04F79EFBC}") = "ID.Application.Customers.Tests", "Identity\Tests\ID.Application.Customers.Tests\ID.Application.Customers.Tests.csproj", "{11DEF02D-57A1-871D-B822-ADA5543C9070}"
EndProject
Project("{FAE04EC0-301F-11D3-BF4B-00C04F79EFBC}") = "ID.Tests.Data", "Identity\Tests\ID.Tests.Data\ID.Tests.Data.csproj", "{1BB12AF0-725E-2805-03E3-A2238B4B22A9}"
EndProject
Project("{FAE04EC0-301F-11D3-BF4B-00C04F79EFBC}") = "ID.Tests.Utility", "Identity\Tests\Id.Tests.Utility\ID.Tests.Utility.csproj", "{6F2049FE-8391-5723-6CC4-80C98A85FA0A}"
EndProject
Project("{FAE04EC0-301F-11D3-BF4B-00C04F79EFBC}") = "ID.Application.Tests", "Identity\Tests\Id.Application.Tests\ID.Application.Tests.csproj", "{375268D1-1A75-362F-21AC-06E5F93507F7}"
EndProject
Project("{FAE04EC0-301F-11D3-BF4B-00C04F79EFBC}") = "ID.Domain.Tests", "Identity\Tests\ID.Domain.Tests\ID.Domain.Tests.csproj", "{59AAA2EA-2ACD-A71D-EE32-8737E055EAF7}"
EndProject
Project("{FAE04EC0-301F-11D3-BF4B-00C04F79EFBC}") = "ID.Email.Base.Tests", "Identity\Tests\ID.Email.Base.Tests\ID.Email.Base.Tests.csproj", "{EAE410A7-0E88-F7E1-F5D7-E0AD69BE4E47}"
EndProject
Project("{FAE04EC0-301F-11D3-BF4B-00C04F79EFBC}") = "ID.Email.SG.Tests", "Identity\Tests\ID.Email.SG.Tests\ID.Email.SG.Tests.csproj", "{7DC97773-6FD3-4437-69E4-44CA14D60838}"
EndProject
Project("{FAE04EC0-301F-11D3-BF4B-00C04F79EFBC}") = "ID.Email.SMTP.Tests", "Identity\Tests\ID.Email.SMTP.Tests\ID.Email.SMTP.Tests.csproj", "{FCC1A64C-CD9C-0873-2A8F-57C63E5C1E24}"
EndProject
Project("{FAE04EC0-301F-11D3-BF4B-00C04F79EFBC}") = "ID.GlobalSettings.Tests", "Identity\Tests\ID.GlobalSettings.Tests\ID.GlobalSettings.Tests.csproj", "{6F51D0C3-658A-DA4F-F5A0-D130355EBCD4}"
EndProject
Project("{FAE04EC0-301F-11D3-BF4B-00C04F79EFBC}") = "ID.Infrastructure.Tests", "Identity\Tests\ID.Infrastructure.Tests\ID.Infrastructure.Tests.csproj", "{FC91DEF9-6DC2-57B5-1728-47D84A45C168}"
EndProject
Project("{FAE04EC0-301F-11D3-BF4B-00C04F79EFBC}") = "ID.IntegrationEvents.Tests", "Identity\Tests\ID.IntegrationEvents.Tests\ID.IntegrationEvents.Tests.csproj", "{187EE3D0-9826-C180-B8FF-7111D4D9EEF9}"
EndProject
Project("{FAE04EC0-301F-11D3-BF4B-00C04F79EFBC}") = "ID.Msg.Twilio.Tests", "Identity\Tests\ID.Msg.Twilio.Tests\ID.Msg.Twilio.Tests.csproj", "{AE042DCA-5822-824A-0525-48C9381A12A1}"
EndProject
Project("{FAE04EC0-301F-11D3-BF4B-00C04F79EFBC}") = "ID.OAuth.Google.Tests", "Identity\Tests\ID.OAuth.Google.Tests\ID.OAuth.Google.Tests.csproj", "{C348BF87-10E2-4878-7705-172793B65AC0}"
EndProject
Project("{FAE04EC0-301F-11D3-BF4B-00C04F79EFBC}") = "ID.PhoneConfirmation.Tests", "Identity\Tests\ID.PhoneConfirmation.Tests\ID.PhoneConfirmation.Tests.csproj", "{69D52380-02EB-3331-6394-00101D9F4D9B}"
EndProject
Project("{FAE04EC0-301F-11D3-BF4B-00C04F79EFBC}") = "ID.Presentation.Tests", "Identity\Tests\ID.Presentation.Tests\ID.Presentation.Tests.csproj", "{C98DFC26-31F4-71C8-2323-76FDA12FE179}"
EndProject
Project("{FAE04EC0-301F-11D3-BF4B-00C04F79EFBC}") = "ID.TeamRoles.UserToAdmin", "Identity\Extras\ID.TeamRoles.UserToAdmin\ID.TeamRoles.UserToAdmin.csproj", "{851C6019-87C0-0E9B-7273-8267B4B5E788}"
EndProject
Project("{FAE04EC0-301F-11D3-BF4B-00C04F79EFBC}") = "ID.OAuth.Facebook", "Identity\AddOns\OAuth\ID.OAuth.Facebook\ID.OAuth.Facebook.csproj", "{E38AE36B-D8D4-4543-A35A-4977DA346A26}"
EndProject
Project("{FAE04EC0-301F-11D3-BF4B-00C04F79EFBC}") = "ID.Demo.TestControllers", "Identity\Extras\Demo\ID.Demo.TestControllers\ID.Demo.TestControllers.csproj", "{8DC8562F-328A-4F49-8A74-0B0958C89B57}"
EndProject
Global
	GlobalSection(SolutionConfigurationPlatforms) = preSolution
		Debug|Any CPU = Debug|Any CPU
		Release|Any CPU = Release|Any CPU
	EndGlobalSection
	GlobalSection(ProjectConfigurationPlatforms) = postSolution
		{59D03126-9AD3-41B5-9379-4434BA0BF732}.Debug|Any CPU.ActiveCfg = Debug|Any CPU
		{59D03126-9AD3-41B5-9379-4434BA0BF732}.Debug|Any CPU.Build.0 = Debug|Any CPU
		{59D03126-9AD3-41B5-9379-4434BA0BF732}.Release|Any CPU.ActiveCfg = Release|Any CPU
		{59D03126-9AD3-41B5-9379-4434BA0BF732}.Release|Any CPU.Build.0 = Release|Any CPU
		{E79B219F-FEC1-45C2-A4BA-EAB84FB91CDA}.Debug|Any CPU.ActiveCfg = Debug|Any CPU
		{E79B219F-FEC1-45C2-A4BA-EAB84FB91CDA}.Debug|Any CPU.Build.0 = Debug|Any CPU
		{E79B219F-FEC1-45C2-A4BA-EAB84FB91CDA}.Release|Any CPU.ActiveCfg = Release|Any CPU
		{E79B219F-FEC1-45C2-A4BA-EAB84FB91CDA}.Release|Any CPU.Build.0 = Release|Any CPU
		{8CB34E19-37DC-4467-B162-D4F0646446C4}.Debug|Any CPU.ActiveCfg = Debug|Any CPU
		{8CB34E19-37DC-4467-B162-D4F0646446C4}.Debug|Any CPU.Build.0 = Debug|Any CPU
		{8CB34E19-37DC-4467-B162-D4F0646446C4}.Release|Any CPU.ActiveCfg = Release|Any CPU
		{8CB34E19-37DC-4467-B162-D4F0646446C4}.Release|Any CPU.Build.0 = Release|Any CPU
		{0A551879-9C96-4E97-B191-460E65F53D5B}.Debug|Any CPU.ActiveCfg = Debug|Any CPU
		{0A551879-9C96-4E97-B191-460E65F53D5B}.Debug|Any CPU.Build.0 = Debug|Any CPU
		{0A551879-9C96-4E97-B191-460E65F53D5B}.Release|Any CPU.ActiveCfg = Release|Any CPU
		{0A551879-9C96-4E97-B191-460E65F53D5B}.Release|Any CPU.Build.0 = Release|Any CPU
		{CC60F69D-618A-414A-A548-A6E5D631C789}.Debug|Any CPU.ActiveCfg = Debug|Any CPU
		{CC60F69D-618A-414A-A548-A6E5D631C789}.Debug|Any CPU.Build.0 = Debug|Any CPU
		{CC60F69D-618A-414A-A548-A6E5D631C789}.Release|Any CPU.ActiveCfg = Release|Any CPU
		{CC60F69D-618A-414A-A548-A6E5D631C789}.Release|Any CPU.Build.0 = Release|Any CPU
		{1607FD44-426B-4EC2-A61E-EB0B35E72B6D}.Debug|Any CPU.ActiveCfg = Debug|Any CPU
		{1607FD44-426B-4EC2-A61E-EB0B35E72B6D}.Debug|Any CPU.Build.0 = Debug|Any CPU
		{1607FD44-426B-4EC2-A61E-EB0B35E72B6D}.Release|Any CPU.ActiveCfg = Release|Any CPU
		{1607FD44-426B-4EC2-A61E-EB0B35E72B6D}.Release|Any CPU.Build.0 = Release|Any CPU
		{4C60D73D-4494-46CE-B835-55B4B6F3B013}.Debug|Any CPU.ActiveCfg = Debug|Any CPU
		{4C60D73D-4494-46CE-B835-55B4B6F3B013}.Debug|Any CPU.Build.0 = Debug|Any CPU
		{4C60D73D-4494-46CE-B835-55B4B6F3B013}.Release|Any CPU.ActiveCfg = Release|Any CPU
		{4C60D73D-4494-46CE-B835-55B4B6F3B013}.Release|Any CPU.Build.0 = Release|Any CPU
		{C0E9CB5F-127F-47A4-A69D-7514E4C46064}.Debug|Any CPU.ActiveCfg = Debug|Any CPU
		{C0E9CB5F-127F-47A4-A69D-7514E4C46064}.Debug|Any CPU.Build.0 = Debug|Any CPU
		{C0E9CB5F-127F-47A4-A69D-7514E4C46064}.Release|Any CPU.ActiveCfg = Release|Any CPU
		{C0E9CB5F-127F-47A4-A69D-7514E4C46064}.Release|Any CPU.Build.0 = Release|Any CPU
		{C5184C78-BC0D-49AF-82BF-7105C18B3935}.Debug|Any CPU.ActiveCfg = Debug|Any CPU
		{C5184C78-BC0D-49AF-82BF-7105C18B3935}.Debug|Any CPU.Build.0 = Debug|Any CPU
		{C5184C78-BC0D-49AF-82BF-7105C18B3935}.Release|Any CPU.ActiveCfg = Release|Any CPU
		{C5184C78-BC0D-49AF-82BF-7105C18B3935}.Release|Any CPU.Build.0 = Release|Any CPU
		{FB29F0F2-3265-639E-B9FD-EFD046BA41B8}.Debug|Any CPU.ActiveCfg = Debug|Any CPU
		{FB29F0F2-3265-639E-B9FD-EFD046BA41B8}.Debug|Any CPU.Build.0 = Debug|Any CPU
		{FB29F0F2-3265-639E-B9FD-EFD046BA41B8}.Release|Any CPU.ActiveCfg = Release|Any CPU
		{FB29F0F2-3265-639E-B9FD-EFD046BA41B8}.Release|Any CPU.Build.0 = Release|Any CPU
		{C14751DC-92E0-40C1-8F31-D7253D8EA11A}.Debug|Any CPU.ActiveCfg = Debug|Any CPU
		{C14751DC-92E0-40C1-8F31-D7253D8EA11A}.Debug|Any CPU.Build.0 = Debug|Any CPU
		{C14751DC-92E0-40C1-8F31-D7253D8EA11A}.Release|Any CPU.ActiveCfg = Release|Any CPU
		{C14751DC-92E0-40C1-8F31-D7253D8EA11A}.Release|Any CPU.Build.0 = Release|Any CPU
		{320D813E-CA8B-429E-B776-9E3407AFECD7}.Debug|Any CPU.ActiveCfg = Debug|Any CPU
		{320D813E-CA8B-429E-B776-9E3407AFECD7}.Debug|Any CPU.Build.0 = Debug|Any CPU
		{320D813E-CA8B-429E-B776-9E3407AFECD7}.Release|Any CPU.ActiveCfg = Release|Any CPU
		{320D813E-CA8B-429E-B776-9E3407AFECD7}.Release|Any CPU.Build.0 = Release|Any CPU
		{5AD9B4D9-602A-0953-8F48-6584B59DD1E0}.Debug|Any CPU.ActiveCfg = Debug|Any CPU
		{5AD9B4D9-602A-0953-8F48-6584B59DD1E0}.Debug|Any CPU.Build.0 = Debug|Any CPU
		{5AD9B4D9-602A-0953-8F48-6584B59DD1E0}.Release|Any CPU.ActiveCfg = Release|Any CPU
		{5AD9B4D9-602A-0953-8F48-6584B59DD1E0}.Release|Any CPU.Build.0 = Release|Any CPU
		{E20FCC1B-0363-4452-B963-45C5A9BA95F0}.Debug|Any CPU.ActiveCfg = Debug|Any CPU
		{E20FCC1B-0363-4452-B963-45C5A9BA95F0}.Debug|Any CPU.Build.0 = Debug|Any CPU
		{E20FCC1B-0363-4452-B963-45C5A9BA95F0}.Release|Any CPU.ActiveCfg = Release|Any CPU
		{E20FCC1B-0363-4452-B963-45C5A9BA95F0}.Release|Any CPU.Build.0 = Release|Any CPU
		{8841C9E7-94B6-CEBF-26C4-3B900F7F6386}.Debug|Any CPU.ActiveCfg = Debug|Any CPU
		{8841C9E7-94B6-CEBF-26C4-3B900F7F6386}.Debug|Any CPU.Build.0 = Debug|Any CPU
		{8841C9E7-94B6-CEBF-26C4-3B900F7F6386}.Release|Any CPU.ActiveCfg = Release|Any CPU
		{8841C9E7-94B6-CEBF-26C4-3B900F7F6386}.Release|Any CPU.Build.0 = Release|Any CPU
		{03F75439-FF7F-4329-94E4-C4B2B3411CCA}.Debug|Any CPU.ActiveCfg = Debug|Any CPU
		{03F75439-FF7F-4329-94E4-C4B2B3411CCA}.Debug|Any CPU.Build.0 = Debug|Any CPU
		{03F75439-FF7F-4329-94E4-C4B2B3411CCA}.Release|Any CPU.ActiveCfg = Release|Any CPU
		{03F75439-FF7F-4329-94E4-C4B2B3411CCA}.Release|Any CPU.Build.0 = Release|Any CPU
		{F11FBC63-39E1-4460-B249-3B38B59D5758}.Debug|Any CPU.ActiveCfg = Debug|Any CPU
		{F11FBC63-39E1-4460-B249-3B38B59D5758}.Debug|Any CPU.Build.0 = Debug|Any CPU
		{F11FBC63-39E1-4460-B249-3B38B59D5758}.Release|Any CPU.ActiveCfg = Release|Any CPU
		{F11FBC63-39E1-4460-B249-3B38B59D5758}.Release|Any CPU.Build.0 = Release|Any CPU
		{4C67E19C-DF16-452F-A2F5-E71E3F0A0889}.Debug|Any CPU.ActiveCfg = Debug|Any CPU
		{4C67E19C-DF16-452F-A2F5-E71E3F0A0889}.Debug|Any CPU.Build.0 = Debug|Any CPU
		{4C67E19C-DF16-452F-A2F5-E71E3F0A0889}.Release|Any CPU.ActiveCfg = Release|Any CPU
		{4C67E19C-DF16-452F-A2F5-E71E3F0A0889}.Release|Any CPU.Build.0 = Release|Any CPU
		{D175AC30-A1EE-4D92-80D9-A34E59674581}.Debug|Any CPU.ActiveCfg = Debug|Any CPU
		{D175AC30-A1EE-4D92-80D9-A34E59674581}.Debug|Any CPU.Build.0 = Debug|Any CPU
		{D175AC30-A1EE-4D92-80D9-A34E59674581}.Release|Any CPU.ActiveCfg = Release|Any CPU
		{D175AC30-A1EE-4D92-80D9-A34E59674581}.Release|Any CPU.Build.0 = Release|Any CPU
		{A22DDB49-0C6A-E131-3AFB-9131A09DF35B}.Debug|Any CPU.ActiveCfg = Debug|Any CPU
		{A22DDB49-0C6A-E131-3AFB-9131A09DF35B}.Debug|Any CPU.Build.0 = Debug|Any CPU
		{A22DDB49-0C6A-E131-3AFB-9131A09DF35B}.Release|Any CPU.ActiveCfg = Release|Any CPU
		{A22DDB49-0C6A-E131-3AFB-9131A09DF35B}.Release|Any CPU.Build.0 = Release|Any CPU
		{89EC5635-9FAD-062E-A83F-E47C0A9305AE}.Debug|Any CPU.ActiveCfg = Debug|Any CPU
		{89EC5635-9FAD-062E-A83F-E47C0A9305AE}.Debug|Any CPU.Build.0 = Debug|Any CPU
		{89EC5635-9FAD-062E-A83F-E47C0A9305AE}.Release|Any CPU.ActiveCfg = Release|Any CPU
		{89EC5635-9FAD-062E-A83F-E47C0A9305AE}.Release|Any CPU.Build.0 = Release|Any CPU
		{8C812DAC-745C-42EF-AADD-77A11D7E966A}.Debug|Any CPU.ActiveCfg = Debug|Any CPU
		{8C812DAC-745C-42EF-AADD-77A11D7E966A}.Debug|Any CPU.Build.0 = Debug|Any CPU
		{8C812DAC-745C-42EF-AADD-77A11D7E966A}.Release|Any CPU.ActiveCfg = Release|Any CPU
		{8C812DAC-745C-42EF-AADD-77A11D7E966A}.Release|Any CPU.Build.0 = Release|Any CPU
		{CAAABE30-A340-424B-8DDF-C6068DCC4B1C}.Debug|Any CPU.ActiveCfg = Debug|Any CPU
		{CAAABE30-A340-424B-8DDF-C6068DCC4B1C}.Debug|Any CPU.Build.0 = Debug|Any CPU
		{CAAABE30-A340-424B-8DDF-C6068DCC4B1C}.Release|Any CPU.ActiveCfg = Release|Any CPU
		{CAAABE30-A340-424B-8DDF-C6068DCC4B1C}.Release|Any CPU.Build.0 = Release|Any CPU
		{7F732512-352E-6F16-2B8E-861DC4C39249}.Debug|Any CPU.ActiveCfg = Debug|Any CPU
		{7F732512-352E-6F16-2B8E-861DC4C39249}.Debug|Any CPU.Build.0 = Debug|Any CPU
		{7F732512-352E-6F16-2B8E-861DC4C39249}.Release|Any CPU.ActiveCfg = Release|Any CPU
		{7F732512-352E-6F16-2B8E-861DC4C39249}.Release|Any CPU.Build.0 = Release|Any CPU
		{26E71CD1-CDCB-9FB4-F50E-B5E8ED2EFAC7}.Debug|Any CPU.ActiveCfg = Debug|Any CPU
		{26E71CD1-CDCB-9FB4-F50E-B5E8ED2EFAC7}.Debug|Any CPU.Build.0 = Debug|Any CPU
		{26E71CD1-CDCB-9FB4-F50E-B5E8ED2EFAC7}.Release|Any CPU.ActiveCfg = Release|Any CPU
		{26E71CD1-CDCB-9FB4-F50E-B5E8ED2EFAC7}.Release|Any CPU.Build.0 = Release|Any CPU
		{6106F8ED-5A4C-EE51-716F-AC1CED32DE15}.Debug|Any CPU.ActiveCfg = Debug|Any CPU
		{6106F8ED-5A4C-EE51-716F-AC1CED32DE15}.Debug|Any CPU.Build.0 = Debug|Any CPU
		{6106F8ED-5A4C-EE51-716F-AC1CED32DE15}.Release|Any CPU.ActiveCfg = Release|Any CPU
		{6106F8ED-5A4C-EE51-716F-AC1CED32DE15}.Release|Any CPU.Build.0 = Release|Any CPU
		{9EAFF5B2-2EE0-473E-F942-C862DBB07553}.Debug|Any CPU.ActiveCfg = Debug|Any CPU
		{9EAFF5B2-2EE0-473E-F942-C862DBB07553}.Debug|Any CPU.Build.0 = Debug|Any CPU
		{9EAFF5B2-2EE0-473E-F942-C862DBB07553}.Release|Any CPU.ActiveCfg = Release|Any CPU
		{9EAFF5B2-2EE0-473E-F942-C862DBB07553}.Release|Any CPU.Build.0 = Release|Any CPU
		{DBF039B2-1370-64F9-5EDB-128DACE31889}.Debug|Any CPU.ActiveCfg = Debug|Any CPU
		{DBF039B2-1370-64F9-5EDB-128DACE31889}.Debug|Any CPU.Build.0 = Debug|Any CPU
		{DBF039B2-1370-64F9-5EDB-128DACE31889}.Release|Any CPU.ActiveCfg = Release|Any CPU
		{DBF039B2-1370-64F9-5EDB-128DACE31889}.Release|Any CPU.Build.0 = Release|Any CPU
		{AF27E047-2094-74E7-7B6F-56024AD0AB6C}.Debug|Any CPU.ActiveCfg = Debug|Any CPU
		{AF27E047-2094-74E7-7B6F-56024AD0AB6C}.Debug|Any CPU.Build.0 = Debug|Any CPU
		{AF27E047-2094-74E7-7B6F-56024AD0AB6C}.Release|Any CPU.ActiveCfg = Release|Any CPU
		{AF27E047-2094-74E7-7B6F-56024AD0AB6C}.Release|Any CPU.Build.0 = Release|Any CPU
		{7417F56A-AE05-52FE-1039-128918C33D90}.Debug|Any CPU.ActiveCfg = Debug|Any CPU
		{7417F56A-AE05-52FE-1039-128918C33D90}.Debug|Any CPU.Build.0 = Debug|Any CPU
		{7417F56A-AE05-52FE-1039-128918C33D90}.Release|Any CPU.ActiveCfg = Release|Any CPU
		{7417F56A-AE05-52FE-1039-128918C33D90}.Release|Any CPU.Build.0 = Release|Any CPU
		{5B147F0F-0F6C-B104-C4C6-80210CB8EF28}.Debug|Any CPU.ActiveCfg = Debug|Any CPU
		{5B147F0F-0F6C-B104-C4C6-80210CB8EF28}.Debug|Any CPU.Build.0 = Debug|Any CPU
		{5B147F0F-0F6C-B104-C4C6-80210CB8EF28}.Release|Any CPU.ActiveCfg = Release|Any CPU
		{5B147F0F-0F6C-B104-C4C6-80210CB8EF28}.Release|Any CPU.Build.0 = Release|Any CPU
		{9F8736AD-2AC1-9C30-5933-103663F8561A}.Debug|Any CPU.ActiveCfg = Debug|Any CPU
		{9F8736AD-2AC1-9C30-5933-103663F8561A}.Debug|Any CPU.Build.0 = Debug|Any CPU
		{9F8736AD-2AC1-9C30-5933-103663F8561A}.Release|Any CPU.ActiveCfg = Release|Any CPU
		{9F8736AD-2AC1-9C30-5933-103663F8561A}.Release|Any CPU.Build.0 = Release|Any CPU
		{2627CFC3-2397-AC14-56CD-98F9B0CD4388}.Debug|Any CPU.ActiveCfg = Debug|Any CPU
		{2627CFC3-2397-AC14-56CD-98F9B0CD4388}.Debug|Any CPU.Build.0 = Debug|Any CPU
		{2627CFC3-2397-AC14-56CD-98F9B0CD4388}.Release|Any CPU.ActiveCfg = Release|Any CPU
		{2627CFC3-2397-AC14-56CD-98F9B0CD4388}.Release|Any CPU.Build.0 = Release|Any CPU
		{5DA8A726-517E-8D66-561F-6B77B2B6410E}.Debug|Any CPU.ActiveCfg = Debug|Any CPU
		{5DA8A726-517E-8D66-561F-6B77B2B6410E}.Debug|Any CPU.Build.0 = Debug|Any CPU
		{5DA8A726-517E-8D66-561F-6B77B2B6410E}.Release|Any CPU.ActiveCfg = Release|Any CPU
		{5DA8A726-517E-8D66-561F-6B77B2B6410E}.Release|Any CPU.Build.0 = Release|Any CPU
		{D57C9D13-8040-1525-1D9A-87DB9FE4E47B}.Debug|Any CPU.ActiveCfg = Debug|Any CPU
		{D57C9D13-8040-1525-1D9A-87DB9FE4E47B}.Debug|Any CPU.Build.0 = Debug|Any CPU
		{D57C9D13-8040-1525-1D9A-87DB9FE4E47B}.Release|Any CPU.ActiveCfg = Release|Any CPU
		{D57C9D13-8040-1525-1D9A-87DB9FE4E47B}.Release|Any CPU.Build.0 = Release|Any CPU
		{764677E1-6FD1-AC7E-1917-763BA5ADF1A0}.Debug|Any CPU.ActiveCfg = Debug|Any CPU
		{764677E1-6FD1-AC7E-1917-763BA5ADF1A0}.Debug|Any CPU.Build.0 = Debug|Any CPU
		{764677E1-6FD1-AC7E-1917-763BA5ADF1A0}.Release|Any CPU.ActiveCfg = Release|Any CPU
		{764677E1-6FD1-AC7E-1917-763BA5ADF1A0}.Release|Any CPU.Build.0 = Release|Any CPU
		{5CF8837F-96E0-2B43-C0CB-0981EEA84846}.Debug|Any CPU.ActiveCfg = Debug|Any CPU
		{5CF8837F-96E0-2B43-C0CB-0981EEA84846}.Debug|Any CPU.Build.0 = Debug|Any CPU
		{5CF8837F-96E0-2B43-C0CB-0981EEA84846}.Release|Any CPU.ActiveCfg = Release|Any CPU
		{5CF8837F-96E0-2B43-C0CB-0981EEA84846}.Release|Any CPU.Build.0 = Release|Any CPU
		{ACD8215D-41D2-770F-6534-C4460734A9AE}.Debug|Any CPU.ActiveCfg = Debug|Any CPU
		{ACD8215D-41D2-770F-6534-C4460734A9AE}.Debug|Any CPU.Build.0 = Debug|Any CPU
		{ACD8215D-41D2-770F-6534-C4460734A9AE}.Release|Any CPU.ActiveCfg = Release|Any CPU
		{ACD8215D-41D2-770F-6534-C4460734A9AE}.Release|Any CPU.Build.0 = Release|Any CPU
		{A3EEE1CD-7BE5-39B4-ECDD-6EE71FF6339E}.Debug|Any CPU.ActiveCfg = Debug|Any CPU
		{A3EEE1CD-7BE5-39B4-ECDD-6EE71FF6339E}.Debug|Any CPU.Build.0 = Debug|Any CPU
		{A3EEE1CD-7BE5-39B4-ECDD-6EE71FF6339E}.Release|Any CPU.ActiveCfg = Release|Any CPU
		{A3EEE1CD-7BE5-39B4-ECDD-6EE71FF6339E}.Release|Any CPU.Build.0 = Release|Any CPU
		{9127CB49-027A-B170-D01E-93F65E097413}.Debug|Any CPU.ActiveCfg = Debug|Any CPU
		{9127CB49-027A-B170-D01E-93F65E097413}.Debug|Any CPU.Build.0 = Debug|Any CPU
		{9127CB49-027A-B170-D01E-93F65E097413}.Release|Any CPU.ActiveCfg = Release|Any CPU
		{9127CB49-027A-B170-D01E-93F65E097413}.Release|Any CPU.Build.0 = Release|Any CPU
		{2685E75E-6526-976E-3164-04303ED08A19}.Debug|Any CPU.ActiveCfg = Debug|Any CPU
		{2685E75E-6526-976E-3164-04303ED08A19}.Debug|Any CPU.Build.0 = Debug|Any CPU
		{2685E75E-6526-976E-3164-04303ED08A19}.Release|Any CPU.ActiveCfg = Release|Any CPU
		{2685E75E-6526-976E-3164-04303ED08A19}.Release|Any CPU.Build.0 = Release|Any CPU
		{F159AB2F-735B-6582-4351-8C6C4D289685}.Debug|Any CPU.ActiveCfg = Debug|Any CPU
		{F159AB2F-735B-6582-4351-8C6C4D289685}.Debug|Any CPU.Build.0 = Debug|Any CPU
		{F159AB2F-735B-6582-4351-8C6C4D289685}.Release|Any CPU.ActiveCfg = Release|Any CPU
		{F159AB2F-735B-6582-4351-8C6C4D289685}.Release|Any CPU.Build.0 = Release|Any CPU
		{11DEF02D-57A1-871D-B822-ADA5543C9070}.Debug|Any CPU.ActiveCfg = Debug|Any CPU
		{11DEF02D-57A1-871D-B822-ADA5543C9070}.Debug|Any CPU.Build.0 = Debug|Any CPU
		{11DEF02D-57A1-871D-B822-ADA5543C9070}.Release|Any CPU.ActiveCfg = Release|Any CPU
		{11DEF02D-57A1-871D-B822-ADA5543C9070}.Release|Any CPU.Build.0 = Release|Any CPU
		{1BB12AF0-725E-2805-03E3-A2238B4B22A9}.Debug|Any CPU.ActiveCfg = Debug|Any CPU
		{1BB12AF0-725E-2805-03E3-A2238B4B22A9}.Debug|Any CPU.Build.0 = Debug|Any CPU
		{1BB12AF0-725E-2805-03E3-A2238B4B22A9}.Release|Any CPU.ActiveCfg = Release|Any CPU
		{1BB12AF0-725E-2805-03E3-A2238B4B22A9}.Release|Any CPU.Build.0 = Release|Any CPU
		{6F2049FE-8391-5723-6CC4-80C98A85FA0A}.Debug|Any CPU.ActiveCfg = Debug|Any CPU
		{6F2049FE-8391-5723-6CC4-80C98A85FA0A}.Debug|Any CPU.Build.0 = Debug|Any CPU
		{6F2049FE-8391-5723-6CC4-80C98A85FA0A}.Release|Any CPU.ActiveCfg = Release|Any CPU
		{6F2049FE-8391-5723-6CC4-80C98A85FA0A}.Release|Any CPU.Build.0 = Release|Any CPU
		{375268D1-1A75-362F-21AC-06E5F93507F7}.Debug|Any CPU.ActiveCfg = Debug|Any CPU
		{375268D1-1A75-362F-21AC-06E5F93507F7}.Debug|Any CPU.Build.0 = Debug|Any CPU
		{375268D1-1A75-362F-21AC-06E5F93507F7}.Release|Any CPU.ActiveCfg = Release|Any CPU
		{375268D1-1A75-362F-21AC-06E5F93507F7}.Release|Any CPU.Build.0 = Release|Any CPU
		{59AAA2EA-2ACD-A71D-EE32-8737E055EAF7}.Debug|Any CPU.ActiveCfg = Debug|Any CPU
		{59AAA2EA-2ACD-A71D-EE32-8737E055EAF7}.Debug|Any CPU.Build.0 = Debug|Any CPU
		{59AAA2EA-2ACD-A71D-EE32-8737E055EAF7}.Release|Any CPU.ActiveCfg = Release|Any CPU
		{59AAA2EA-2ACD-A71D-EE32-8737E055EAF7}.Release|Any CPU.Build.0 = Release|Any CPU
		{EAE410A7-0E88-F7E1-F5D7-E0AD69BE4E47}.Debug|Any CPU.ActiveCfg = Debug|Any CPU
		{EAE410A7-0E88-F7E1-F5D7-E0AD69BE4E47}.Debug|Any CPU.Build.0 = Debug|Any CPU
		{EAE410A7-0E88-F7E1-F5D7-E0AD69BE4E47}.Release|Any CPU.ActiveCfg = Release|Any CPU
		{EAE410A7-0E88-F7E1-F5D7-E0AD69BE4E47}.Release|Any CPU.Build.0 = Release|Any CPU
		{7DC97773-6FD3-4437-69E4-44CA14D60838}.Debug|Any CPU.ActiveCfg = Debug|Any CPU
		{7DC97773-6FD3-4437-69E4-44CA14D60838}.Debug|Any CPU.Build.0 = Debug|Any CPU
		{7DC97773-6FD3-4437-69E4-44CA14D60838}.Release|Any CPU.ActiveCfg = Release|Any CPU
		{7DC97773-6FD3-4437-69E4-44CA14D60838}.Release|Any CPU.Build.0 = Release|Any CPU
		{FCC1A64C-CD9C-0873-2A8F-57C63E5C1E24}.Debug|Any CPU.ActiveCfg = Debug|Any CPU
		{FCC1A64C-CD9C-0873-2A8F-57C63E5C1E24}.Debug|Any CPU.Build.0 = Debug|Any CPU
		{FCC1A64C-CD9C-0873-2A8F-57C63E5C1E24}.Release|Any CPU.ActiveCfg = Release|Any CPU
		{FCC1A64C-CD9C-0873-2A8F-57C63E5C1E24}.Release|Any CPU.Build.0 = Release|Any CPU
		{6F51D0C3-658A-DA4F-F5A0-D130355EBCD4}.Debug|Any CPU.ActiveCfg = Debug|Any CPU
		{6F51D0C3-658A-DA4F-F5A0-D130355EBCD4}.Debug|Any CPU.Build.0 = Debug|Any CPU
		{6F51D0C3-658A-DA4F-F5A0-D130355EBCD4}.Release|Any CPU.ActiveCfg = Release|Any CPU
		{6F51D0C3-658A-DA4F-F5A0-D130355EBCD4}.Release|Any CPU.Build.0 = Release|Any CPU
		{FC91DEF9-6DC2-57B5-1728-47D84A45C168}.Debug|Any CPU.ActiveCfg = Debug|Any CPU
		{FC91DEF9-6DC2-57B5-1728-47D84A45C168}.Debug|Any CPU.Build.0 = Debug|Any CPU
		{FC91DEF9-6DC2-57B5-1728-47D84A45C168}.Release|Any CPU.ActiveCfg = Release|Any CPU
		{FC91DEF9-6DC2-57B5-1728-47D84A45C168}.Release|Any CPU.Build.0 = Release|Any CPU
		{187EE3D0-9826-C180-B8FF-7111D4D9EEF9}.Debug|Any CPU.ActiveCfg = Debug|Any CPU
		{187EE3D0-9826-C180-B8FF-7111D4D9EEF9}.Debug|Any CPU.Build.0 = Debug|Any CPU
		{187EE3D0-9826-C180-B8FF-7111D4D9EEF9}.Release|Any CPU.ActiveCfg = Release|Any CPU
		{187EE3D0-9826-C180-B8FF-7111D4D9EEF9}.Release|Any CPU.Build.0 = Release|Any CPU
		{AE042DCA-5822-824A-0525-48C9381A12A1}.Debug|Any CPU.ActiveCfg = Debug|Any CPU
		{AE042DCA-5822-824A-0525-48C9381A12A1}.Debug|Any CPU.Build.0 = Debug|Any CPU
		{AE042DCA-5822-824A-0525-48C9381A12A1}.Release|Any CPU.ActiveCfg = Release|Any CPU
		{AE042DCA-5822-824A-0525-48C9381A12A1}.Release|Any CPU.Build.0 = Release|Any CPU
		{C348BF87-10E2-4878-7705-172793B65AC0}.Debug|Any CPU.ActiveCfg = Debug|Any CPU
		{C348BF87-10E2-4878-7705-172793B65AC0}.Debug|Any CPU.Build.0 = Debug|Any CPU
		{C348BF87-10E2-4878-7705-172793B65AC0}.Release|Any CPU.ActiveCfg = Release|Any CPU
		{C348BF87-10E2-4878-7705-172793B65AC0}.Release|Any CPU.Build.0 = Release|Any CPU
		{69D52380-02EB-3331-6394-00101D9F4D9B}.Debug|Any CPU.ActiveCfg = Debug|Any CPU
		{69D52380-02EB-3331-6394-00101D9F4D9B}.Debug|Any CPU.Build.0 = Debug|Any CPU
		{69D52380-02EB-3331-6394-00101D9F4D9B}.Release|Any CPU.ActiveCfg = Release|Any CPU
		{69D52380-02EB-3331-6394-00101D9F4D9B}.Release|Any CPU.Build.0 = Release|Any CPU
		{C98DFC26-31F4-71C8-2323-76FDA12FE179}.Debug|Any CPU.ActiveCfg = Debug|Any CPU
		{C98DFC26-31F4-71C8-2323-76FDA12FE179}.Debug|Any CPU.Build.0 = Debug|Any CPU
		{C98DFC26-31F4-71C8-2323-76FDA12FE179}.Release|Any CPU.ActiveCfg = Release|Any CPU
		{C98DFC26-31F4-71C8-2323-76FDA12FE179}.Release|Any CPU.Build.0 = Release|Any CPU
		{851C6019-87C0-0E9B-7273-8267B4B5E788}.Debug|Any CPU.ActiveCfg = Debug|Any CPU
		{851C6019-87C0-0E9B-7273-8267B4B5E788}.Debug|Any CPU.Build.0 = Debug|Any CPU
		{851C6019-87C0-0E9B-7273-8267B4B5E788}.Release|Any CPU.ActiveCfg = Release|Any CPU
		{851C6019-87C0-0E9B-7273-8267B4B5E788}.Release|Any CPU.Build.0 = Release|Any CPU
		{E38AE36B-D8D4-4543-A35A-4977DA346A26}.Debug|Any CPU.ActiveCfg = Debug|Any CPU
		{E38AE36B-D8D4-4543-A35A-4977DA346A26}.Debug|Any CPU.Build.0 = Debug|Any CPU
		{E38AE36B-D8D4-4543-A35A-4977DA346A26}.Release|Any CPU.ActiveCfg = Release|Any CPU
		{E38AE36B-D8D4-4543-A35A-4977DA346A26}.Release|Any CPU.Build.0 = Release|Any CPU
		{8DC8562F-328A-4F49-8A74-0B0958C89B57}.Debug|Any CPU.ActiveCfg = Debug|Any CPU
		{8DC8562F-328A-4F49-8A74-0B0958C89B57}.Debug|Any CPU.Build.0 = Debug|Any CPU
		{8DC8562F-328A-4F49-8A74-0B0958C89B57}.Release|Any CPU.ActiveCfg = Release|Any CPU
		{8DC8562F-328A-4F49-8A74-0B0958C89B57}.Release|Any CPU.Build.0 = Release|Any CPU
	EndGlobalSection
	GlobalSection(SolutionProperties) = preSolution
		HideSolutionNode = FALSE
	EndGlobalSection
	GlobalSection(NestedProjects) = preSolution
		{59D03126-9AD3-41B5-9379-4434BA0BF732} = {87F0AADA-E748-4045-B26F-E7710C0A1C22}
		{E79B219F-FEC1-45C2-A4BA-EAB84FB91CDA} = {0643E435-7542-408B-BAB1-200CC46D0B08}
		{0643E435-7542-408B-BAB1-200CC46D0B08} = {02EA681E-C7D8-13C7-8484-4AC65E1B71E8}
		{8CB34E19-37DC-4467-B162-D4F0646446C4} = {0643E435-7542-408B-BAB1-200CC46D0B08}
		{87F0AADA-E748-4045-B26F-E7710C0A1C22} = {02EA681E-C7D8-13C7-8484-4AC65E1B71E8}
		{0A551879-9C96-4E97-B191-460E65F53D5B} = {87F0AADA-E748-4045-B26F-E7710C0A1C22}
		{0ACF87BE-17D1-4C94-85DF-BA14DEEDD604} = {02EA681E-C7D8-13C7-8484-4AC65E1B71E8}
		{CC60F69D-618A-414A-A548-A6E5D631C789} = {0ACF87BE-17D1-4C94-85DF-BA14DEEDD604}
		{1607FD44-426B-4EC2-A61E-EB0B35E72B6D} = {0ACF87BE-17D1-4C94-85DF-BA14DEEDD604}
		{792F8881-F811-4B14-AD79-398AD6BF2CAE} = {02EA681E-C7D8-13C7-8484-4AC65E1B71E8}
		{4C60D73D-4494-46CE-B835-55B4B6F3B013} = {792F8881-F811-4B14-AD79-398AD6BF2CAE}
		{C0E9CB5F-127F-47A4-A69D-7514E4C46064} = {792F8881-F811-4B14-AD79-398AD6BF2CAE}
		{AE5C585C-2544-4368-A4D0-FBE41844C5CE} = {02EA681E-C7D8-13C7-8484-4AC65E1B71E8}
		{C5184C78-BC0D-49AF-82BF-7105C18B3935} = {AE5C585C-2544-4368-A4D0-FBE41844C5CE}
		{FB29F0F2-3265-639E-B9FD-EFD046BA41B8} = {AE5C585C-2544-4368-A4D0-FBE41844C5CE}
		{719F36A1-B7E1-4703-814E-DC2141874F7E} = {02EA681E-C7D8-13C7-8484-4AC65E1B71E8}
		{C14751DC-92E0-40C1-8F31-D7253D8EA11A} = {719F36A1-B7E1-4703-814E-DC2141874F7E}
		{320D813E-CA8B-429E-B776-9E3407AFECD7} = {719F36A1-B7E1-4703-814E-DC2141874F7E}
		{27E74664-9E91-45DE-8A45-A96B16EC6717} = {02EA681E-C7D8-13C7-8484-4AC65E1B71E8}
		{5AD9B4D9-602A-0953-8F48-6584B59DD1E0} = {27E74664-9E91-45DE-8A45-A96B16EC6717}
		{E20FCC1B-0363-4452-B963-45C5A9BA95F0} = {27E74664-9E91-45DE-8A45-A96B16EC6717}
		{C9910B25-84F6-4D62-8025-FD4594364802} = {02EA681E-C7D8-13C7-8484-4AC65E1B71E8}
		{8841C9E7-94B6-CEBF-26C4-3B900F7F6386} = {C9910B25-84F6-4D62-8025-FD4594364802}
		{03F75439-FF7F-4329-94E4-C4B2B3411CCA} = {C9910B25-84F6-4D62-8025-FD4594364802}
		{22F3616D-B340-429A-BCE7-C11FA9B01E62} = {02EA681E-C7D8-13C7-8484-4AC65E1B71E8}
		{F11FBC63-39E1-4460-B249-3B38B59D5758} = {22F3616D-B340-429A-BCE7-C11FA9B01E62}
		{4C67E19C-DF16-452F-A2F5-E71E3F0A0889} = {22F3616D-B340-429A-BCE7-C11FA9B01E62}
		{A5AF93B2-01EF-45F0-971E-15505CF86B13} = {02EA681E-C7D8-13C7-8484-4AC65E1B71E8}
		{D175AC30-A1EE-4D92-80D9-A34E59674581} = {A5AF93B2-01EF-45F0-971E-15505CF86B13}
		{6333F116-9AFA-4DE1-830B-3CA863C8F8B0} = {02EA681E-C7D8-13C7-8484-4AC65E1B71E8}
		{A22DDB49-0C6A-E131-3AFB-9131A09DF35B} = {6333F116-9AFA-4DE1-830B-3CA863C8F8B0}
		{773940C9-7B24-40A9-81DA-4AEDD4B902D9} = {4C9370F2-331D-42C4-B576-731AB2BF2BA3}
		{813E1BC5-1CC9-4FA9-9BC0-D0E08985FF5F} = {02EA681E-C7D8-13C7-8484-4AC65E1B71E8}
		{89EC5635-9FAD-062E-A83F-E47C0A9305AE} = {813E1BC5-1CC9-4FA9-9BC0-D0E08985FF5F}
		{8C812DAC-745C-42EF-AADD-77A11D7E966A} = {415A4D90-9C36-48FA-9566-303D23AD9EC7}
		{4C9370F2-331D-42C4-B576-731AB2BF2BA3} = {02EA681E-C7D8-13C7-8484-4AC65E1B71E8}
		{77C5BFE0-028E-4888-AD51-03538EC56F32} = {4C9370F2-331D-42C4-B576-731AB2BF2BA3}
		{CAAABE30-A340-424B-8DDF-C6068DCC4B1C} = {77C5BFE0-028E-4888-AD51-03538EC56F32}
		{7F732512-352E-6F16-2B8E-861DC4C39249} = {773940C9-7B24-40A9-81DA-4AEDD4B902D9}
		{EE548A4D-F37B-4AED-B2E6-765AD4474E4F} = {243C9E4C-FCA9-4041-A578-F957DB5C0AC0}
		{9E557BA1-3EB6-4A25-BE8E-7693A8E45E69} = {243C9E4C-FCA9-4041-A578-F957DB5C0AC0}
		{26E71CD1-CDCB-9FB4-F50E-B5E8ED2EFAC7} = {EE548A4D-F37B-4AED-B2E6-765AD4474E4F}
		{EE7256FA-CACD-42AC-901B-D7CD4483DD1F} = {243C9E4C-FCA9-4041-A578-F957DB5C0AC0}
		{FFCDD039-1990-4E35-855E-2D0F82E06536} = {9E557BA1-3EB6-4A25-BE8E-7693A8E45E69}
		{B55919A6-F020-44F6-BCBD-A34B059650ED} = {9E557BA1-3EB6-4A25-BE8E-7693A8E45E69}
		{7E05A465-77A0-479D-B4C7-F0BAC4FBEB91} = {9E557BA1-3EB6-4A25-BE8E-7693A8E45E69}
		{455E9785-B633-464E-93A1-6789CCB005A4} = {243C9E4C-FCA9-4041-A578-F957DB5C0AC0}
		{87A05570-9BD4-4A6D-BA4C-1CCE9EF91F27} = {455E9785-B633-464E-93A1-6789CCB005A4}
		{726CB091-4795-49ED-8D30-5A3FCADE5F61} = {243C9E4C-FCA9-4041-A578-F957DB5C0AC0}
		{5EFB6D7C-41DD-4C63-B618-9512E0A852BA} = {243C9E4C-FCA9-4041-A578-F957DB5C0AC0}
		{6106F8ED-5A4C-EE51-716F-AC1CED32DE15} = {EE7256FA-CACD-42AC-901B-D7CD4483DD1F}
		{9EAFF5B2-2EE0-473E-F942-C862DBB07553} = {EE7256FA-CACD-42AC-901B-D7CD4483DD1F}
		{DBF039B2-1370-64F9-5EDB-128DACE31889} = {EE7256FA-CACD-42AC-901B-D7CD4483DD1F}
		{AF27E047-2094-74E7-7B6F-56024AD0AB6C} = {EE7256FA-CACD-42AC-901B-D7CD4483DD1F}
		{7417F56A-AE05-52FE-1039-128918C33D90} = {EE7256FA-CACD-42AC-901B-D7CD4483DD1F}
		{5B147F0F-0F6C-B104-C4C6-80210CB8EF28} = {726CB091-4795-49ED-8D30-5A3FCADE5F61}
		{9F8736AD-2AC1-9C30-5933-103663F8561A} = {726CB091-4795-49ED-8D30-5A3FCADE5F61}
		{2627CFC3-2397-AC14-56CD-98F9B0CD4388} = {87A05570-9BD4-4A6D-BA4C-1CCE9EF91F27}
		{5DA8A726-517E-8D66-561F-6B77B2B6410E} = {87A05570-9BD4-4A6D-BA4C-1CCE9EF91F27}
		{D57C9D13-8040-1525-1D9A-87DB9FE4E47B} = {87A05570-9BD4-4A6D-BA4C-1CCE9EF91F27}
		{764677E1-6FD1-AC7E-1917-763BA5ADF1A0} = {9E557BA1-3EB6-4A25-BE8E-7693A8E45E69}
		{5CF8837F-96E0-2B43-C0CB-0981EEA84846} = {FFCDD039-1990-4E35-855E-2D0F82E06536}
		{ACD8215D-41D2-770F-6534-C4460734A9AE} = {FFCDD039-1990-4E35-855E-2D0F82E06536}
		{A3EEE1CD-7BE5-39B4-ECDD-6EE71FF6339E} = {FFCDD039-1990-4E35-855E-2D0F82E06536}
		{9127CB49-027A-B170-D01E-93F65E097413} = {B55919A6-F020-44F6-BCBD-A34B059650ED}
		{2685E75E-6526-976E-3164-04303ED08A19} = {7E05A465-77A0-479D-B4C7-F0BAC4FBEB91}
		{F159AB2F-735B-6582-4351-8C6C4D289685} = {5EFB6D7C-41DD-4C63-B618-9512E0A852BA}
		{11DEF02D-57A1-871D-B822-ADA5543C9070} = {5EFB6D7C-41DD-4C63-B618-9512E0A852BA}
		{1BB12AF0-725E-2805-03E3-A2238B4B22A9} = {5EFB6D7C-41DD-4C63-B618-9512E0A852BA}
		{6F2049FE-8391-5723-6CC4-80C98A85FA0A} = {5EFB6D7C-41DD-4C63-B618-9512E0A852BA}
		{375268D1-1A75-362F-21AC-06E5F93507F7} = {5EFB6D7C-41DD-4C63-B618-9512E0A852BA}
		{59AAA2EA-2ACD-A71D-EE32-8737E055EAF7} = {5EFB6D7C-41DD-4C63-B618-9512E0A852BA}
		{EAE410A7-0E88-F7E1-F5D7-E0AD69BE4E47} = {5EFB6D7C-41DD-4C63-B618-9512E0A852BA}
		{7DC97773-6FD3-4437-69E4-44CA14D60838} = {5EFB6D7C-41DD-4C63-B618-9512E0A852BA}
		{FCC1A64C-CD9C-0873-2A8F-57C63E5C1E24} = {5EFB6D7C-41DD-4C63-B618-9512E0A852BA}
		{6F51D0C3-658A-DA4F-F5A0-D130355EBCD4} = {5EFB6D7C-41DD-4C63-B618-9512E0A852BA}
		{FC91DEF9-6DC2-57B5-1728-47D84A45C168} = {5EFB6D7C-41DD-4C63-B618-9512E0A852BA}
		{187EE3D0-9826-C180-B8FF-7111D4D9EEF9} = {5EFB6D7C-41DD-4C63-B618-9512E0A852BA}
		{AE042DCA-5822-824A-0525-48C9381A12A1} = {5EFB6D7C-41DD-4C63-B618-9512E0A852BA}
		{C348BF87-10E2-4878-7705-172793B65AC0} = {5EFB6D7C-41DD-4C63-B618-9512E0A852BA}
		{69D52380-02EB-3331-6394-00101D9F4D9B} = {5EFB6D7C-41DD-4C63-B618-9512E0A852BA}
		{C98DFC26-31F4-71C8-2323-76FDA12FE179} = {5EFB6D7C-41DD-4C63-B618-9512E0A852BA}
		{851C6019-87C0-0E9B-7273-8267B4B5E788} = {455E9785-B633-464E-93A1-6789CCB005A4}
		{E38AE36B-D8D4-4543-A35A-4977DA346A26} = {7E05A465-77A0-479D-B4C7-F0BAC4FBEB91}
		{8DC8562F-328A-4F49-8A74-0B0958C89B57} = {455E9785-B633-464E-93A1-6789CCB005A4}
	EndGlobalSection
	GlobalSection(ExtensibilityGlobals) = postSolution
		SolutionGuid = {32CD658E-91A7-4238-A40D-2FCD8CC81535}
	EndGlobalSection
EndGlobal
